lockfileVersion: '9.0'

settings:
  autoInstallPeers: true
  excludeLinksFromLockfile: false

importers:

  .:
    dependencies:
      play-sound:
        specifier: ^1.1.6
        version: 1.1.6

packages:

  find-exec@1.0.3:
    resolution: {integrity: sha512-gnG38zW90mS8hm5smNcrBnakPEt+cGJoiMkJwCU0IYnEb0H2NQk0NIljhNW+48oniCriFek/PH6QXbwsJo/qug==}

  play-sound@1.1.6:
    resolution: {integrity: sha512-09eO4QiXNFXJffJaOW5P6x6F5RLihpLUkXttvUZeWml0fU6x6Zp7AjG9zaeMpgH2ZNvq4GR1ytB22ddYcqJIZA==}

  shell-quote@1.8.3:
    resolution: {integrity: sha512-ObmnIF4hXNg1BqhnHmgbDETF8dLPCggZWBjkQfhZpbszZnYur5DUljTcCHii5LC3J5E0yeO/1LIMyH+UvHQgyw==}
    engines: {node: '>= 0.4'}

snapshots:

  find-exec@1.0.3:
    dependencies:
      shell-quote: 1.8.3

  play-sound@1.1.6:
    dependencies:
      find-exec: 1.0.3

  shell-quote@1.8.3: {}
